### YamlMime:JavaPackage
uid: "com.azure.resourcemanager.purestorageblock"
fullName: "com.azure.resourcemanager.purestorageblock"
name: "com.azure.resourcemanager.purestorageblock"
summary: "Package containing the classes for Pure<wbr>Storage<wbr>Block."
classes:
- "com.azure.resourcemanager.purestorageblock.PureStorageBlockManager"
- "com.azure.resourcemanager.purestorageblock.PureStorageBlockManager.Configurable"
desc: "Package containing the classes for PureStorageBlock."
metadata: {}
package: "com.azure.resourcemanager.purestorageblock"
artifact: com.azure.resourcemanager:azure-resourcemanager-purestorageblock:1.0.0
